{
  "name": "ts-action",
  "version": "1.0.0",
  "lockfileVersion": 1,
  "requires": true,
  "dependencies": {
    "@babel/helper-validator-identifier": {
      "version": "7.14.9",
      "resolved": "https://registry.npmjs.org/@babel/helper-validator-identifier/-/helper-validator-identifier-7.14.9.tgz",
      "integrity": "sha512-pQYxPY0UP6IHISRitNe8bsijHex4TWZXi2HwKVsjPiltzlhse2znVcm9Ace510VT1kxIHjGJCZZQBX2gJDbo0g=="
    },
    "@babel/parser": {
      "version": "7.15.2",
      "resolved": "https://registry.npmjs.org/@babel/parser/-/parser-7.15.2.tgz",
      "integrity": "sha512-bMJXql1Ss8lFnvr11TZDH4ArtwlAS5NG9qBmdiFW2UHHm6MVoR+GDc5XE2b9K938cyjc9O6/+vjjcffLDtfuDg=="
    },
    "@babel/types": {
      "version": "7.15.0",
      "resolved": "https://registry.npmjs.org/@babel/types/-/types-7.15.0.tgz",
      "integrity": "sha512-OBvfqnllOIdX4ojTHpwZbpvz4j3EWyjkZEdmjH0/cgsd6QOdSgU8rLSk6ard/pcW7rlmjdVSX/AWOaORR1uNOQ==",
      "requires": {
        "@babel/helper-validator-identifier": "^7.14.9",
        "to-fast-properties": "^2.0.0"
      }
    },
    "@vue/compiler-core": {
      "version": "3.2.1",
      "resolved": "https://registry.npmjs.org/@vue/compiler-core/-/compiler-core-3.2.1.tgz",
      "integrity": "sha512-UEJf2ZGww5wGVdrWIXIZo04KdJFGPmI2bHRUsBZ3AdyCAqJ5ykRXKOBn1OR1hvA2YzimudOEyHM+DpbBv91Kww==",
      "requires": {
        "@babel/parser": "^7.12.0",
        "@babel/types": "^7.12.0",
        "@vue/shared": "3.2.1",
        "estree-walker": "^2.0.1",
        "source-map": "^0.6.1"
      }
    },
    "@vue/compiler-dom": {
      "version": "3.2.1",
      "resolved": "https://registry.npmjs.org/@vue/compiler-dom/-/compiler-dom-3.2.1.tgz",
      "integrity": "sha512-tXg8tkPb3j54zNfWqoao9T1JI41yWPz8TROzmif/QNNA46eq8/SRuRsBd36i47GWaz7mh+yg3vOJ87/YBjcMyQ==",
      "requires": {
        "@vue/compiler-core": "3.2.1",
        "@vue/shared": "3.2.1"
      }
    },
    "@vue/devtools-api": {
      "version": "6.0.0-beta.15",
      "resolved": "https://registry.npmjs.org/@vue/devtools-api/-/devtools-api-6.0.0-beta.15.tgz",
      "integrity": "sha512-quBx4Jjpexo6KDiNUGFr/zF/2A4srKM9S9v2uHgMXSU//hjgq1eGzqkIFql8T9gfX5ZaVOUzYBP3jIdIR3PKIA=="
    },
    "@vue/reactivity": {
      "version": "3.2.1",
      "resolved": "https://registry.npmjs.org/@vue/reactivity/-/reactivity-3.2.1.tgz",
      "integrity": "sha512-4Lja2KmyiKvuraDed6dXK2A6+r/7x7xGDA7vVR2Aqc8hQVu0+FWeVX+IBfiVOSpbZXFlHLNmCBFkbuWLQSlgxg==",
      "requires": {
        "@vue/shared": "3.2.1"
      }
    },
    "@vue/runtime-core": {
      "version": "3.2.1",
      "resolved": "https://registry.npmjs.org/@vue/runtime-core/-/runtime-core-3.2.1.tgz",
      "integrity": "sha512-IsgelRM/5hYeRhz5+ECi66XvYDdjG2t4lARjHvCXw5s9Q4N6uIbjLMwtLzAWRxYf3/y258BrD+ehxAi943ScJg==",
      "requires": {
        "@vue/reactivity": "3.2.1",
        "@vue/shared": "3.2.1"
      }
    },
    "@vue/runtime-dom": {
      "version": "3.2.1",
      "resolved": "https://registry.npmjs.org/@vue/runtime-dom/-/runtime-dom-3.2.1.tgz",
      "integrity": "sha512-bUAHUSe49A5wYdHQ8wsLU1CMPXaG2fRuv2661mx/6Q9+20QxglT3ss8ZeL6AVRu16JNJMcdvTTsNpbnMbVc/lQ==",
      "requires": {
        "@vue/runtime-core": "3.2.1",
        "@vue/shared": "3.2.1",
        "csstype": "^2.6.8"
      }
    },
    "@vue/shared": {
      "version": "3.2.1",
      "resolved": "https://registry.npmjs.org/@vue/shared/-/shared-3.2.1.tgz",
      "integrity": "sha512-INN92dVBNgd0TW9BqfQQKx/HWGCHhUUbAV5EZ5FgSCiEdwuZsJbGt1mdnaD9IxGhpiyOjP2ClxGG8SFp7ELcWg=="
    },
    "axios": {
      "version": "0.21.1",
      "resolved": "https://registry.npmjs.org/axios/-/axios-0.21.1.tgz",
      "integrity": "sha512-dKQiRHxGD9PPRIUNIWvZhPTPpl1rf/OxTYKsqKUDjBwYylTvV7SjSHJb9ratfyzM6wCdLCOYLzs73qpg5c4iGA==",
      "requires": {
        "follow-redirects": "^1.10.0"
      }
    },
    "csstype": {
      "version": "2.6.17",
      "resolved": "https://registry.npmjs.org/csstype/-/csstype-2.6.17.tgz",
      "integrity": "sha512-u1wmTI1jJGzCJzWndZo8mk4wnPTZd1eOIYTYvuEyOQGfmDl3TrabCCfKnOC86FZwW/9djqTl933UF/cS425i9A=="
    },
    "estree-walker": {
      "version": "2.0.2",
      "resolved": "https://registry.npmjs.org/estree-walker/-/estree-walker-2.0.2.tgz",
      "integrity": "sha512-Rfkk/Mp/DL7JVje3u18FxFujQlTNR2q6QfMSMB7AvCBx91NGj/ba3kCfza0f6dVDbw7YlRf/nDrn7pQrCCyQ/w=="
    },
    "follow-redirects": {
      "version": "1.14.1",
      "resolved": "https://registry.npmjs.org/follow-redirects/-/follow-redirects-1.14.1.tgz",
      "integrity": "sha512-HWqDgT7ZEkqRzBvc2s64vSZ/hfOceEol3ac/7tKwzuvEyWx3/4UegXh5oBOIotkGsObyk3xznnSRVADBgWSQVg=="
    },
    "source-map": {
      "version": "0.6.1",
      "resolved": "https://registry.npmjs.org/source-map/-/source-map-0.6.1.tgz",
      "integrity": "sha512-UjgapumWlbMhkBgzT7Ykc5YXUT46F0iKu8SGXq0bcwP5dz/h0Plj6enJqjz1Zbq2l5WaqYnrVbwWOWMyF3F47g=="
    },
    "to-fast-properties": {
      "version": "2.0.0",
      "resolved": "https://registry.npmjs.org/to-fast-properties/-/to-fast-properties-2.0.0.tgz",
      "integrity": "sha1-3F5pjL0HkmW8c+A3doGk5Og/YW4="
    },
    "tsc": {
      "version": "2.0.3",
      "resolved": "https://registry.npmjs.org/tsc/-/tsc-2.0.3.tgz",
      "integrity": "sha512-SN+9zBUtrpUcOpaUO7GjkEHgWtf22c7FKbKCA4e858eEM7Qz86rRDpgOU2lBIDf0fLCsEg65ms899UMUIB2+Ow=="
    },
    "typescript": {
      "version": "4.3.5",
      "resolved": "https://registry.npmjs.org/typescript/-/typescript-4.3.5.tgz",
      "integrity": "sha512-DqQgihaQ9cUrskJo9kIyW/+g0Vxsk8cDtZ52a3NGh0YNTfpUSArXSohyUGnvbPazEPLu398C0UxmKSOrPumUzA=="
    },
    "vue": {
      "version": "3.2.1",
      "resolved": "https://registry.npmjs.org/vue/-/vue-3.2.1.tgz",
      "integrity": "sha512-0jhXluF5mzTAK5bXw/8yq4McvsI8HwEWI4cnQwJeN8NYGRbwh9wwuE4FNv1Kej9pxBB5ajTNsWr0M6DPs5EJZg==",
      "requires": {
        "@vue/compiler-dom": "3.2.1",
        "@vue/runtime-dom": "3.2.1",
        "@vue/shared": "3.2.1"
      }
    },
    "vuex": {
      "version": "4.0.2",
      "resolved": "https://registry.npmjs.org/vuex/-/vuex-4.0.2.tgz",
      "integrity": "sha512-M6r8uxELjZIK8kTKDGgZTYX/ahzblnzC4isU1tpmEuOIIKmV+TRdc+H4s8ds2NuZ7wpUTdGRzJRtoj+lI+pc0Q==",
      "requires": {
        "@vue/devtools-api": "^6.0.0-beta.11"
      }
    }
  }
}
